{
  "requires": true,
  "lockfileVersion": 1,
  "dependencies": {
    "binary-file": {
      "version": "0.2.3",
      "resolved": "https://registry.npmjs.org/binary-file/-/binary-file-0.2.3.tgz",
      "integrity": "sha512-FOEFou3G9h/OkU7wcWS7zi60bZ3MSA5/elFP2oqpFwmsCb8Y+tDUKqvOEuOCznqNlgnU/YET8F1TzLHpqiFluQ==",
      "requires": {
        "denodeify": "^1.2.1"
      }
    },
    "blob": {
      "version": "0.1.0",
      "resolved": "https://registry.npmjs.org/blob/-/blob-0.1.0.tgz",
      "integrity": "sha512-k+GwK+4Rj+MPNT4qu+y6+kHp+mPmmNd+28zdrIo69QM9UvypK5Vhcw7jnRiY4KaOMAiOdn0NtPQGTb+Ox1Dtng==",
      "requires": {
        "esm": "^3.2.25"
      }
    },
    "blob-polyfill": {
      "version": "4.0.20200601",
      "resolved": "https://registry.npmjs.org/blob-polyfill/-/blob-polyfill-4.0.20200601.tgz",
      "integrity": "sha512-1jB6WOIp6IDxNyng5+9A8g/f0uiphib2ELCN+XAnlssinsW8s1k4VYG9b1TxIUd3pdm9RJSLQuBh6iohYmD4hA=="
    },
    "cross-blob": {
      "version": "1.2.3",
      "resolved": "https://registry.npmjs.org/cross-blob/-/cross-blob-1.2.3.tgz",
      "integrity": "sha512-vnf54Kr02rErFAH1BVT2/36Y9d4vnN9DuTA7Ts0bZI3OiMas1r9ceqSz4cPPS50dnZsI+WwwuhfoLrUAY4T05g==",
      "requires": {
        "blob-polyfill": "^4.0.20190430",
        "fetch-blob": "^1.0.6"
      }
    },
    "denodeify": {
      "version": "1.2.1",
      "resolved": "https://registry.npmjs.org/denodeify/-/denodeify-1.2.1.tgz",
      "integrity": "sha1-OjYof1A05pnnV3kBBSwubJQlFjE="
    },
    "esm": {
      "version": "3.2.25",
      "resolved": "https://registry.npmjs.org/esm/-/esm-3.2.25.tgz",
      "integrity": "sha512-U1suiZ2oDVWv4zPO56S0NcR5QriEahGtdN2OR6FiOG4WJvcjBVFB0qI4+eKoWFH483PKGuLuu6V8Z4T5g63UVA=="
    },
    "fetch-blob": {
      "version": "1.0.6",
      "resolved": "https://registry.npmjs.org/fetch-blob/-/fetch-blob-1.0.6.tgz",
      "integrity": "sha512-XTotUY7hVtqdbHE0Ilm/u/nnXRv1T8nepxhMHzB885O0EkVvI05UlZq7rHQSd6hVDCNAGx4HTjbJO60Onjfckw=="
    },
    "file-saver": {
      "version": "2.0.2",
      "resolved": "https://registry.npmjs.org/file-saver/-/file-saver-2.0.2.tgz",
      "integrity": "sha512-Wz3c3XQ5xroCxd1G8b7yL0Ehkf0TC9oYC6buPFkNnU9EnaPlifeAFCyCh+iewXTyFRcg0a6j3J7FmJsIhlhBdw=="
    },
    "mime": {
      "version": "2.4.6",
      "resolved": "https://registry.npmjs.org/mime/-/mime-2.4.6.tgz",
      "integrity": "sha512-RZKhC3EmpBchfTGBVb8fb+RL2cWyw/32lshnsETttkBAyAUXSGHxbEJWWRXc751DrIxG1q04b8QwMbAwkRPpUA=="
    },
    "node-blob": {
      "version": "0.0.2",
      "resolved": "https://registry.npmjs.org/node-blob/-/node-blob-0.0.2.tgz",
      "integrity": "sha512-82wiGzMht96gPQDUYaZBdZEVvYD9aEhU6Bt9KLCr4rADZPRd7dQVY2Yj0ZG/1vp4DhVkL49nJT/M3CiMTAt3ag=="
    }
  }
}
